{
    "version": 3,
    "terraform_version": "0.11.7",
    "serial": 6,
    "lineage": "8f4b7a7a-3573-5036-5bb5-d81af67f8dbd",
    "modules": [
        {
            "path": [
                "root"
            ],
            "outputs": {},
            "resources": {
                "aws_instance.inesh-puppet-agent": {
                    "type": "aws_instance",
                    "depends_on": [
                        "aws_security_group.inesh-sg"
                    ],
                    "primary": {
                        "id": "i-0f8110e8a98eb6482",
                        "attributes": {
                            "ami": "ami-188fba77",
                            "arn": "arn:aws:ec2:ap-south-1:706901461813:instance/i-0f8110e8a98eb6482",
                            "associate_public_ip_address": "true",
                            "availability_zone": "ap-south-1a",
                            "cpu_core_count": "1",
                            "cpu_threads_per_core": "1",
                            "credit_specification.#": "1",
                            "credit_specification.0.cpu_credits": "standard",
                            "disable_api_termination": "false",
                            "ebs_block_device.#": "0",
                            "ebs_optimized": "false",
                            "ephemeral_block_device.#": "0",
                            "get_password_data": "false",
                            "iam_instance_profile": "",
                            "id": "i-0f8110e8a98eb6482",
                            "instance_state": "running",
                            "instance_type": "t2.micro",
                            "ipv6_addresses.#": "0",
                            "key_name": "terraform_inesh",
                            "monitoring": "false",
                            "network_interface.#": "0",
                            "network_interface_id": "eni-0beb8c3c8eab0e025",
                            "password_data": "",
                            "placement_group": "",
                            "primary_network_interface_id": "eni-0beb8c3c8eab0e025",
                            "private_dns": "ip-172-31-26-219.ap-south-1.compute.internal",
                            "private_ip": "172.31.26.219",
                            "public_dns": "ec2-13-232-104-197.ap-south-1.compute.amazonaws.com",
                            "public_ip": "13.232.104.197",
                            "root_block_device.#": "1",
                            "root_block_device.0.delete_on_termination": "true",
                            "root_block_device.0.iops": "100",
                            "root_block_device.0.volume_id": "vol-07b2a8b663e50fe6e",
                            "root_block_device.0.volume_size": "8",
                            "root_block_device.0.volume_type": "gp2",
                            "security_groups.#": "1",
                            "security_groups.2391245606": "inesh-sg",
                            "source_dest_check": "true",
                            "subnet_id": "subnet-d32f48bb",
                            "tags.%": "3",
                            "tags.Name": "inesh-puppet-agent",
                            "tags.application": "puppet",
                            "tags.env": "testing",
                            "tenancy": "default",
                            "volume_tags.%": "0",
                            "vpc_security_group_ids.#": "1",
                            "vpc_security_group_ids.3879021109": "sg-0aaf976e42e3ca02d"
                        },
                        "meta": {
                            "e2bfb730-ecaa-11e6-8f88-34363bc7c4c0": {
                                "create": 600000000000,
                                "delete": 1200000000000,
                                "update": 600000000000
                            },
                            "schema_version": "1"
                        },
                        "tainted": false
                    },
                    "deposed": [],
                    "provider": "provider.aws"
                },
                "aws_instance.inesh-puppet-master": {
                    "type": "aws_instance",
                    "depends_on": [
                        "aws_security_group.inesh-sg"
                    ],
                    "primary": {
                        "id": "i-0e84137716096b1ff",
                        "attributes": {
                            "ami": "ami-188fba77",
                            "arn": "arn:aws:ec2:ap-south-1:706901461813:instance/i-0e84137716096b1ff",
                            "associate_public_ip_address": "true",
                            "availability_zone": "ap-south-1a",
                            "cpu_core_count": "1",
                            "cpu_threads_per_core": "1",
                            "credit_specification.#": "1",
                            "credit_specification.0.cpu_credits": "standard",
                            "disable_api_termination": "false",
                            "ebs_block_device.#": "0",
                            "ebs_optimized": "false",
                            "ephemeral_block_device.#": "0",
                            "get_password_data": "false",
                            "iam_instance_profile": "",
                            "id": "i-0e84137716096b1ff",
                            "instance_state": "running",
                            "instance_type": "t2.micro",
                            "ipv6_addresses.#": "0",
                            "key_name": "terraform_inesh",
                            "monitoring": "false",
                            "network_interface.#": "0",
                            "network_interface_id": "eni-0a1ec36b4c8453f5a",
                            "password_data": "",
                            "placement_group": "",
                            "primary_network_interface_id": "eni-0a1ec36b4c8453f5a",
                            "private_dns": "ip-172-31-22-131.ap-south-1.compute.internal",
                            "private_ip": "172.31.22.131",
                            "public_dns": "ec2-13-127-137-69.ap-south-1.compute.amazonaws.com",
                            "public_ip": "13.127.137.69",
                            "root_block_device.#": "1",
                            "root_block_device.0.delete_on_termination": "true",
                            "root_block_device.0.iops": "100",
                            "root_block_device.0.volume_id": "vol-021c981014cc0e544",
                            "root_block_device.0.volume_size": "8",
                            "root_block_device.0.volume_type": "gp2",
                            "security_groups.#": "1",
                            "security_groups.2391245606": "inesh-sg",
                            "source_dest_check": "true",
                            "subnet_id": "subnet-d32f48bb",
                            "tags.%": "3",
                            "tags.Name": "inesh-puppet-master",
                            "tags.application": "puppet",
                            "tags.env": "testing",
                            "tenancy": "default",
                            "volume_tags.%": "0",
                            "vpc_security_group_ids.#": "1",
                            "vpc_security_group_ids.3879021109": "sg-0aaf976e42e3ca02d"
                        },
                        "meta": {
                            "e2bfb730-ecaa-11e6-8f88-34363bc7c4c0": {
                                "create": 600000000000,
                                "delete": 1200000000000,
                                "update": 600000000000
                            },
                            "schema_version": "1"
                        },
                        "tainted": false
                    },
                    "deposed": [],
                    "provider": "provider.aws"
                },
                "aws_security_group.inesh-sg": {
                    "type": "aws_security_group",
                    "depends_on": [],
                    "primary": {
                        "id": "sg-0aaf976e42e3ca02d",
                        "attributes": {
                            "arn": "arn:aws:ec2:ap-south-1:706901461813:security-group/sg-0aaf976e42e3ca02d",
                            "description": "Puppet testing SG",
                            "egress.#": "0",
                            "id": "sg-0aaf976e42e3ca02d",
                            "ingress.#": "2",
                            "ingress.2541437006.cidr_blocks.#": "1",
                            "ingress.2541437006.cidr_blocks.0": "0.0.0.0/0",
                            "ingress.2541437006.description": "",
                            "ingress.2541437006.from_port": "22",
                            "ingress.2541437006.ipv6_cidr_blocks.#": "0",
                            "ingress.2541437006.protocol": "tcp",
                            "ingress.2541437006.security_groups.#": "0",
                            "ingress.2541437006.self": "false",
                            "ingress.2541437006.to_port": "22",
                            "ingress.4152063857.cidr_blocks.#": "1",
                            "ingress.4152063857.cidr_blocks.0": "0.0.0.0/0",
                            "ingress.4152063857.description": "",
                            "ingress.4152063857.from_port": "8140",
                            "ingress.4152063857.ipv6_cidr_blocks.#": "0",
                            "ingress.4152063857.protocol": "tcp",
                            "ingress.4152063857.security_groups.#": "0",
                            "ingress.4152063857.self": "false",
                            "ingress.4152063857.to_port": "8140",
                            "name": "inesh-sg",
                            "owner_id": "706901461813",
                            "revoke_rules_on_delete": "false",
                            "tags.%": "0",
                            "vpc_id": "vpc-7e046e16"
                        },
                        "meta": {
                            "e2bfb730-ecaa-11e6-8f88-34363bc7c4c0": {
                                "create": 600000000000,
                                "delete": 600000000000
                            },
                            "schema_version": "1"
                        },
                        "tainted": false
                    },
                    "deposed": [],
                    "provider": "provider.aws"
                }
            },
            "depends_on": []
        }
    ]
}
