{
    "version": 3,
    "terraform_version": "0.11.7",
    "serial": 3,
    "lineage": "106bf4c1-ec10-7fe2-dd06-bfa5036733e9",
    "modules": [
        {
            "path": [
                "root"
            ],
            "outputs": {},
            "resources": {
                "aws_internet_gateway.inesh_igw": {
                    "type": "aws_internet_gateway",
                    "depends_on": [
                        "aws_vpc.inesh_vpc"
                    ],
                    "primary": {
                        "id": "igw-008bc8812486daecb",
                        "attributes": {
                            "id": "igw-008bc8812486daecb",
                            "tags.%": "1",
                            "tags.Name": "inesh_igw",
                            "vpc_id": "vpc-046e033bda41162f8"
                        },
                        "meta": {},
                        "tainted": false
                    },
                    "deposed": [],
                    "provider": "provider.aws"
                },
                "aws_route_table.inesh_private_rt": {
                    "type": "aws_route_table",
                    "depends_on": [
                        "aws_vpc.inesh_vpc"
                    ],
                    "primary": {
                        "id": "rtb-0b36bafaf0ef7a9b5",
                        "attributes": {
                            "id": "rtb-0b36bafaf0ef7a9b5",
                            "propagating_vgws.#": "0",
                            "route.#": "0",
                            "tags.%": "1",
                            "tags.Name": "inesh_private_rt",
                            "vpc_id": "vpc-046e033bda41162f8"
                        },
                        "meta": {},
                        "tainted": false
                    },
                    "deposed": [],
                    "provider": "provider.aws"
                },
                "aws_route_table.inesh_public_rt": {
                    "type": "aws_route_table",
                    "depends_on": [
                        "aws_internet_gateway.inesh_igw",
                        "aws_vpc.inesh_vpc"
                    ],
                    "primary": {
                        "id": "rtb-0efb3241f05be64a5",
                        "attributes": {
                            "id": "rtb-0efb3241f05be64a5",
                            "propagating_vgws.#": "0",
                            "route.#": "1",
                            "route.760396733.cidr_block": "0.0.0.0/0",
                            "route.760396733.egress_only_gateway_id": "",
                            "route.760396733.gateway_id": "igw-008bc8812486daecb",
                            "route.760396733.instance_id": "",
                            "route.760396733.ipv6_cidr_block": "",
                            "route.760396733.nat_gateway_id": "",
                            "route.760396733.network_interface_id": "",
                            "route.760396733.vpc_peering_connection_id": "",
                            "tags.%": "1",
                            "tags.Name": "inesh_public_rt",
                            "vpc_id": "vpc-046e033bda41162f8"
                        },
                        "meta": {},
                        "tainted": false
                    },
                    "deposed": [],
                    "provider": "provider.aws"
                },
                "aws_route_table_association.private-rt1": {
                    "type": "aws_route_table_association",
                    "depends_on": [
                        "aws_route_table.inesh_private_rt",
                        "aws_subnet.inesh_private_subnet1"
                    ],
                    "primary": {
                        "id": "rtbassoc-0712bc6278393cd86",
                        "attributes": {
                            "id": "rtbassoc-0712bc6278393cd86",
                            "route_table_id": "rtb-0b36bafaf0ef7a9b5",
                            "subnet_id": "subnet-065ce68f7cd1b13e2"
                        },
                        "meta": {},
                        "tainted": false
                    },
                    "deposed": [],
                    "provider": "provider.aws"
                },
                "aws_route_table_association.private-rt2": {
                    "type": "aws_route_table_association",
                    "depends_on": [
                        "aws_route_table.inesh_private_rt",
                        "aws_subnet.inesh_private_subnet2"
                    ],
                    "primary": {
                        "id": "rtbassoc-0ef6366f59a457fb2",
                        "attributes": {
                            "id": "rtbassoc-0ef6366f59a457fb2",
                            "route_table_id": "rtb-0b36bafaf0ef7a9b5",
                            "subnet_id": "subnet-0dd08414fc42b76e2"
                        },
                        "meta": {},
                        "tainted": false
                    },
                    "deposed": [],
                    "provider": "provider.aws"
                },
                "aws_route_table_association.public-rt1": {
                    "type": "aws_route_table_association",
                    "depends_on": [
                        "aws_route_table.inesh_public_rt",
                        "aws_subnet.inesh_public_subnet1"
                    ],
                    "primary": {
                        "id": "rtbassoc-0bdb60a103ced93e5",
                        "attributes": {
                            "id": "rtbassoc-0bdb60a103ced93e5",
                            "route_table_id": "rtb-0efb3241f05be64a5",
                            "subnet_id": "subnet-0a645d88e9ab08357"
                        },
                        "meta": {},
                        "tainted": false
                    },
                    "deposed": [],
                    "provider": "provider.aws"
                },
                "aws_route_table_association.public-rt2": {
                    "type": "aws_route_table_association",
                    "depends_on": [
                        "aws_route_table.inesh_public_rt",
                        "aws_subnet.inesh_public_subnet2"
                    ],
                    "primary": {
                        "id": "rtbassoc-0e80360a06f30bf55",
                        "attributes": {
                            "id": "rtbassoc-0e80360a06f30bf55",
                            "route_table_id": "rtb-0efb3241f05be64a5",
                            "subnet_id": "subnet-09ce22a9fbd3325c0"
                        },
                        "meta": {},
                        "tainted": false
                    },
                    "deposed": [],
                    "provider": "provider.aws"
                },
                "aws_security_group.inesh_sg": {
                    "type": "aws_security_group",
                    "depends_on": [
                        "aws_vpc.inesh_vpc"
                    ],
                    "primary": {
                        "id": "sg-081b0b117b2236bfe",
                        "attributes": {
                            "arn": "arn:aws:ec2:ap-south-1:706901461813:security-group/sg-081b0b117b2236bfe",
                            "description": "Allowing ports to access puppet",
                            "egress.#": "0",
                            "id": "sg-081b0b117b2236bfe",
                            "ingress.#": "5",
                            "ingress.1799340084.cidr_blocks.#": "1",
                            "ingress.1799340084.cidr_blocks.0": "0.0.0.0/0",
                            "ingress.1799340084.description": "",
                            "ingress.1799340084.from_port": "-1",
                            "ingress.1799340084.ipv6_cidr_blocks.#": "0",
                            "ingress.1799340084.protocol": "icmp",
                            "ingress.1799340084.security_groups.#": "0",
                            "ingress.1799340084.self": "false",
                            "ingress.1799340084.to_port": "-1",
                            "ingress.2214680975.cidr_blocks.#": "1",
                            "ingress.2214680975.cidr_blocks.0": "0.0.0.0/0",
                            "ingress.2214680975.description": "",
                            "ingress.2214680975.from_port": "80",
                            "ingress.2214680975.ipv6_cidr_blocks.#": "0",
                            "ingress.2214680975.protocol": "tcp",
                            "ingress.2214680975.security_groups.#": "0",
                            "ingress.2214680975.self": "false",
                            "ingress.2214680975.to_port": "80",
                            "ingress.2513021303.cidr_blocks.#": "2",
                            "ingress.2513021303.cidr_blocks.0": "10.20.3.0/24",
                            "ingress.2513021303.cidr_blocks.1": "10.20.4.0/24",
                            "ingress.2513021303.description": "",
                            "ingress.2513021303.from_port": "8140",
                            "ingress.2513021303.ipv6_cidr_blocks.#": "0",
                            "ingress.2513021303.protocol": "tcp",
                            "ingress.2513021303.security_groups.#": "0",
                            "ingress.2513021303.self": "false",
                            "ingress.2513021303.to_port": "8140",
                            "ingress.2541437006.cidr_blocks.#": "1",
                            "ingress.2541437006.cidr_blocks.0": "0.0.0.0/0",
                            "ingress.2541437006.description": "",
                            "ingress.2541437006.from_port": "22",
                            "ingress.2541437006.ipv6_cidr_blocks.#": "0",
                            "ingress.2541437006.protocol": "tcp",
                            "ingress.2541437006.security_groups.#": "0",
                            "ingress.2541437006.self": "false",
                            "ingress.2541437006.to_port": "22",
                            "ingress.2617001939.cidr_blocks.#": "1",
                            "ingress.2617001939.cidr_blocks.0": "0.0.0.0/0",
                            "ingress.2617001939.description": "",
                            "ingress.2617001939.from_port": "443",
                            "ingress.2617001939.ipv6_cidr_blocks.#": "0",
                            "ingress.2617001939.protocol": "tcp",
                            "ingress.2617001939.security_groups.#": "0",
                            "ingress.2617001939.self": "false",
                            "ingress.2617001939.to_port": "443",
                            "name": "inesh_sg",
                            "owner_id": "706901461813",
                            "revoke_rules_on_delete": "false",
                            "tags.%": "1",
                            "tags.Name": "inesh_sg",
                            "vpc_id": "vpc-046e033bda41162f8"
                        },
                        "meta": {
                            "e2bfb730-ecaa-11e6-8f88-34363bc7c4c0": {
                                "create": 600000000000,
                                "delete": 600000000000
                            },
                            "schema_version": "1"
                        },
                        "tainted": false
                    },
                    "deposed": [],
                    "provider": "provider.aws"
                },
                "aws_subnet.inesh_private_subnet1": {
                    "type": "aws_subnet",
                    "depends_on": [
                        "aws_vpc.inesh_vpc"
                    ],
                    "primary": {
                        "id": "subnet-065ce68f7cd1b13e2",
                        "attributes": {
                            "arn": "arn:aws:ec2:ap-south-1:706901461813:subnet/subnet-065ce68f7cd1b13e2",
                            "assign_ipv6_address_on_creation": "false",
                            "availability_zone": "ap-south-1a",
                            "cidr_block": "10.20.3.0/24",
                            "id": "subnet-065ce68f7cd1b13e2",
                            "map_public_ip_on_launch": "false",
                            "tags.%": "1",
                            "tags.Name": "inesh_private_subnet1",
                            "vpc_id": "vpc-046e033bda41162f8"
                        },
                        "meta": {
                            "schema_version": "1"
                        },
                        "tainted": false
                    },
                    "deposed": [],
                    "provider": "provider.aws"
                },
                "aws_subnet.inesh_private_subnet2": {
                    "type": "aws_subnet",
                    "depends_on": [
                        "aws_vpc.inesh_vpc"
                    ],
                    "primary": {
                        "id": "subnet-0dd08414fc42b76e2",
                        "attributes": {
                            "arn": "arn:aws:ec2:ap-south-1:706901461813:subnet/subnet-0dd08414fc42b76e2",
                            "assign_ipv6_address_on_creation": "false",
                            "availability_zone": "ap-south-1b",
                            "cidr_block": "10.20.4.0/24",
                            "id": "subnet-0dd08414fc42b76e2",
                            "map_public_ip_on_launch": "false",
                            "tags.%": "1",
                            "tags.Name": "inesh_private_subnet2",
                            "vpc_id": "vpc-046e033bda41162f8"
                        },
                        "meta": {
                            "schema_version": "1"
                        },
                        "tainted": false
                    },
                    "deposed": [],
                    "provider": "provider.aws"
                },
                "aws_subnet.inesh_public_subnet1": {
                    "type": "aws_subnet",
                    "depends_on": [
                        "aws_vpc.inesh_vpc"
                    ],
                    "primary": {
                        "id": "subnet-0a645d88e9ab08357",
                        "attributes": {
                            "arn": "arn:aws:ec2:ap-south-1:706901461813:subnet/subnet-0a645d88e9ab08357",
                            "assign_ipv6_address_on_creation": "false",
                            "availability_zone": "ap-south-1a",
                            "cidr_block": "10.20.1.0/24",
                            "id": "subnet-0a645d88e9ab08357",
                            "map_public_ip_on_launch": "false",
                            "tags.%": "1",
                            "tags.Name": "inesh_public_subnet1",
                            "vpc_id": "vpc-046e033bda41162f8"
                        },
                        "meta": {
                            "schema_version": "1"
                        },
                        "tainted": false
                    },
                    "deposed": [],
                    "provider": "provider.aws"
                },
                "aws_subnet.inesh_public_subnet2": {
                    "type": "aws_subnet",
                    "depends_on": [
                        "aws_vpc.inesh_vpc"
                    ],
                    "primary": {
                        "id": "subnet-09ce22a9fbd3325c0",
                        "attributes": {
                            "arn": "arn:aws:ec2:ap-south-1:706901461813:subnet/subnet-09ce22a9fbd3325c0",
                            "assign_ipv6_address_on_creation": "false",
                            "availability_zone": "ap-south-1b",
                            "cidr_block": "10.20.2.0/24",
                            "id": "subnet-09ce22a9fbd3325c0",
                            "map_public_ip_on_launch": "false",
                            "tags.%": "1",
                            "tags.Name": "inesh_public_subnet2",
                            "vpc_id": "vpc-046e033bda41162f8"
                        },
                        "meta": {
                            "schema_version": "1"
                        },
                        "tainted": false
                    },
                    "deposed": [],
                    "provider": "provider.aws"
                },
                "aws_vpc.inesh_vpc": {
                    "type": "aws_vpc",
                    "depends_on": [],
                    "primary": {
                        "id": "vpc-046e033bda41162f8",
                        "attributes": {
                            "arn": "arn:aws:ec2:ap-south-1:706901461813:vpc/vpc-046e033bda41162f8",
                            "assign_generated_ipv6_cidr_block": "false",
                            "cidr_block": "10.20.0.0/16",
                            "default_network_acl_id": "acl-01820318b01f971a7",
                            "default_route_table_id": "rtb-079f905cf98785dc3",
                            "default_security_group_id": "sg-089bf5a406259fb8f",
                            "dhcp_options_id": "dopt-3e247056",
                            "enable_dns_hostnames": "true",
                            "enable_dns_support": "true",
                            "id": "vpc-046e033bda41162f8",
                            "instance_tenancy": "default",
                            "main_route_table_id": "rtb-079f905cf98785dc3",
                            "tags.%": "1",
                            "tags.Name": "inesh_vpc"
                        },
                        "meta": {
                            "schema_version": "1"
                        },
                        "tainted": false
                    },
                    "deposed": [],
                    "provider": "provider.aws"
                }
            },
            "depends_on": []
        }
    ]
}
